
Microsoft Visual Studio Solution File, Format Version 12.00
# Visual Studio Version 17
VisualStudioVersion = 17.9.34701.34
MinimumVisualStudioVersion = 10.0.40219.1
Project("{FAE04EC0-301F-11D3-BF4B-00C04F79EFBC}") = "Hospital.Domain", "Hospital.Domain\Hospital.Domain.csproj", "{C2A17CCD-A610-490D-923D-DE4F24A0DABD}"
EndProject
Project("{FAE04EC0-301F-11D3-BF4B-00C04F79EFBC}") = "Hospital.Console", "Hospital.Console\Hospital.Console.csproj", "{34B70770-C7D9-441D-A4FD-D561A2E00708}"
EndProject
Global
	GlobalSection(SolutionConfigurationPlatforms) = preSolution
		Debug|Any CPU = Debug|Any CPU
		Release|Any CPU = Release|Any CPU
	EndGlobalSection
	GlobalSection(ProjectConfigurationPlatforms) = postSolution
		{C2A17CCD-A610-490D-923D-DE4F24A0DABD}.Debug|Any CPU.ActiveCfg = Debug|Any CPU
		{C2A17CCD-A610-490D-923D-DE4F24A0DABD}.Debug|Any CPU.Build.0 = Debug|Any CPU
		{C2A17CCD-A610-490D-923D-DE4F24A0DABD}.Release|Any CPU.ActiveCfg = Release|Any CPU
		{C2A17CCD-A610-490D-923D-DE4F24A0DABD}.Release|Any CPU.Build.0 = Release|Any CPU
		{34B70770-C7D9-441D-A4FD-D561A2E00708}.Debug|Any CPU.ActiveCfg = Debug|Any CPU
		{34B70770-C7D9-441D-A4FD-D561A2E00708}.Debug|Any CPU.Build.0 = Debug|Any CPU
		{34B70770-C7D9-441D-A4FD-D561A2E00708}.Release|Any CPU.ActiveCfg = Release|Any CPU
		{34B70770-C7D9-441D-A4FD-D561A2E00708}.Release|Any CPU.Build.0 = Release|Any CPU
	EndGlobalSection
	GlobalSection(SolutionProperties) = preSolution
		HideSolutionNode = FALSE
	EndGlobalSection
	GlobalSection(ExtensibilityGlobals) = postSolution
		SolutionGuid = {C354CB4F-C515-4DD8-B850-61780922A139}
	EndGlobalSection
EndGlobal
