
Microsoft Visual Studio Solution File, Format Version 12.00
# Visual Studio Version 17
VisualStudioVersion = 17.9.34701.34
MinimumVisualStudioVersion = 10.0.40219.1
Project("{9A19103F-16F7-4668-BE54-9A1E7A4F7556}") = "Hospital.Domain", "Hospital.Domain\Hospital.Domain.csproj", "{C2A17CCD-A610-490D-923D-DE4F24A0DABD}"
EndProject
Project("{9A19103F-16F7-4668-BE54-9A1E7A4F7556}") = "Hospital.Console", "Hospital.Console\Hospital.Console.csproj", "{34B70770-C7D9-441D-A4FD-D561A2E00708}"
EndProject
Project("{FAE04EC0-301F-11D3-BF4B-00C04F79EFBC}") = "Hospital.Services", "Services\Hospital.Services.csproj", "{5AC859CD-9A19-4F33-873A-6C22533319A5}"
EndProject
Project("{FAE04EC0-301F-11D3-BF4B-00C04F79EFBC}") = "Hospital.Web", "Hospital.Web\Hospital.Web.csproj", "{5C2C6968-9739-4B1C-BD4B-CBFEC9E862A6}"
EndProject
Global
	GlobalSection(SolutionConfigurationPlatforms) = preSolution
		Debug|Any CPU = Debug|Any CPU
		Release|Any CPU = Release|Any CPU
	EndGlobalSection
	GlobalSection(ProjectConfigurationPlatforms) = postSolution
		{C2A17CCD-A610-490D-923D-DE4F24A0DABD}.Debug|Any CPU.ActiveCfg = Debug|Any CPU
		{C2A17CCD-A610-490D-923D-DE4F24A0DABD}.Debug|Any CPU.Build.0 = Debug|Any CPU
		{C2A17CCD-A610-490D-923D-DE4F24A0DABD}.Release|Any CPU.ActiveCfg = Release|Any CPU
		{C2A17CCD-A610-490D-923D-DE4F24A0DABD}.Release|Any CPU.Build.0 = Release|Any CPU
		{34B70770-C7D9-441D-A4FD-D561A2E00708}.Debug|Any CPU.ActiveCfg = Debug|Any CPU
		{34B70770-C7D9-441D-A4FD-D561A2E00708}.Debug|Any CPU.Build.0 = Debug|Any CPU
		{34B70770-C7D9-441D-A4FD-D561A2E00708}.Release|Any CPU.ActiveCfg = Release|Any CPU
		{34B70770-C7D9-441D-A4FD-D561A2E00708}.Release|Any CPU.Build.0 = Release|Any CPU
		{5AC859CD-9A19-4F33-873A-6C22533319A5}.Debug|Any CPU.ActiveCfg = Debug|Any CPU
		{5AC859CD-9A19-4F33-873A-6C22533319A5}.Debug|Any CPU.Build.0 = Debug|Any CPU
		{5AC859CD-9A19-4F33-873A-6C22533319A5}.Release|Any CPU.ActiveCfg = Release|Any CPU
		{5AC859CD-9A19-4F33-873A-6C22533319A5}.Release|Any CPU.Build.0 = Release|Any CPU
		{5C2C6968-9739-4B1C-BD4B-CBFEC9E862A6}.Debug|Any CPU.ActiveCfg = Debug|Any CPU
		{5C2C6968-9739-4B1C-BD4B-CBFEC9E862A6}.Debug|Any CPU.Build.0 = Debug|Any CPU
		{5C2C6968-9739-4B1C-BD4B-CBFEC9E862A6}.Release|Any CPU.ActiveCfg = Release|Any CPU
		{5C2C6968-9739-4B1C-BD4B-CBFEC9E862A6}.Release|Any CPU.Build.0 = Release|Any CPU
	EndGlobalSection
	GlobalSection(SolutionProperties) = preSolution
		HideSolutionNode = FALSE
	EndGlobalSection
	GlobalSection(ExtensibilityGlobals) = postSolution
		SolutionGuid = {C354CB4F-C515-4DD8-B850-61780922A139}
	EndGlobalSection
EndGlobal
